// !$*UTF8*$!
{
	archiveVersion = 1;
	classes = {
	};
	objectVersion = 50;
	objects = {

/* Begin PBXBuildFile section */
		19481EE7B2901BF5403A7EDA /* Pods_Slug.framework in Frameworks */ = {isa = PBXBuildFile; fileRef = ED70F609EB3CB86DED8C8CC7 /* Pods_Slug.framework */; };
		923B413A22567E7000BFBB5E /* CoreDataStack.swift in Sources */ = {isa = PBXBuildFile; fileRef = 923B413922567E7000BFBB5E /* CoreDataStack.swift */; };
		923B413F2256962800BFBB5E /* Main.storyboard in Resources */ = {isa = PBXBuildFile; fileRef = 923B413E2256962800BFBB5E /* Main.storyboard */; };
		923B41412256964100BFBB5E /* ProfileViewController.swift in Sources */ = {isa = PBXBuildFile; fileRef = 923B41402256964100BFBB5E /* ProfileViewController.swift */; };
		923B41432256964900BFBB5E /* ConversationListViewController.swift in Sources */ = {isa = PBXBuildFile; fileRef = 923B41422256964900BFBB5E /* ConversationListViewController.swift */; };
		923B41452256965000BFBB5E /* ConversationViewController.swift in Sources */ = {isa = PBXBuildFile; fileRef = 923B41442256965000BFBB5E /* ConversationViewController.swift */; };
		923B41472256972100BFBB5E /* DatesHandler.swift in Sources */ = {isa = PBXBuildFile; fileRef = 923B41462256972100BFBB5E /* DatesHandler.swift */; };
		923B41492256973700BFBB5E /* MultipeerCommunicator.swift in Sources */ = {isa = PBXBuildFile; fileRef = 923B41482256973600BFBB5E /* MultipeerCommunicator.swift */; };
		923B414B2256983B00BFBB5E /* StorageManager.swift in Sources */ = {isa = PBXBuildFile; fileRef = 923B414A2256983B00BFBB5E /* StorageManager.swift */; };
		923B414F225699B800BFBB5E /* EnDecoding.swift in Sources */ = {isa = PBXBuildFile; fileRef = 923B414D225699B800BFBB5E /* EnDecoding.swift */; };
		923B4150225699B800BFBB5E /* UIColor.swift in Sources */ = {isa = PBXBuildFile; fileRef = 923B414E225699B800BFBB5E /* UIColor.swift */; };
		923B4152225699DB00BFBB5E /* CameraHandler.swift in Sources */ = {isa = PBXBuildFile; fileRef = 923B4151225699DB00BFBB5E /* CameraHandler.swift */; };
		923B415822569A9E00BFBB5E /* MessageCell.swift in Sources */ = {isa = PBXBuildFile; fileRef = 923B415322569A9E00BFBB5E /* MessageCell.swift */; };
		923B415922569A9E00BFBB5E /* ChatCell.swift in Sources */ = {isa = PBXBuildFile; fileRef = 923B415422569A9E00BFBB5E /* ChatCell.swift */; };
		923B415A22569A9E00BFBB5E /* OutGoingMessageCell.xib in Resources */ = {isa = PBXBuildFile; fileRef = 923B415522569A9E00BFBB5E /* OutGoingMessageCell.xib */; };
		923B415B22569A9E00BFBB5E /* ChatCell.xib in Resources */ = {isa = PBXBuildFile; fileRef = 923B415622569A9E00BFBB5E /* ChatCell.xib */; };
		923B415C22569A9E00BFBB5E /* IncomingMessagCell.xib in Resources */ = {isa = PBXBuildFile; fileRef = 923B415722569A9E00BFBB5E /* IncomingMessagCell.xib */; };
		923B41602256A5D000BFBB5E /* ConversationListPresenter.swift in Sources */ = {isa = PBXBuildFile; fileRef = 923B415F2256A5D000BFBB5E /* ConversationListPresenter.swift */; };
		923B416322576DEB00BFBB5E /* User.swift in Sources */ = {isa = PBXBuildFile; fileRef = 923B416222576DEB00BFBB5E /* User.swift */; };
		923B416522576E3400BFBB5E /* RandomData.swift in Sources */ = {isa = PBXBuildFile; fileRef = 923B416422576E3400BFBB5E /* RandomData.swift */; };
		923B41682257967700BFBB5E /* ProfileViewPresenter.swift in Sources */ = {isa = PBXBuildFile; fileRef = 923B41672257967700BFBB5E /* ProfileViewPresenter.swift */; };
		923B416A22592CB800BFBB5E /* ConversationPresenter.swift in Sources */ = {isa = PBXBuildFile; fileRef = 923B416922592CB800BFBB5E /* ConversationPresenter.swift */; };
		923B416C22593A3700BFBB5E /* FRCManager.swift in Sources */ = {isa = PBXBuildFile; fileRef = 923B416B22593A3700BFBB5E /* FRCManager.swift */; };
		923FB931225B51EC005E0ABF /* CommunicationManager.swift in Sources */ = {isa = PBXBuildFile; fileRef = 923FB930225B51EC005E0ABF /* CommunicationManager.swift */; };
		923FB934225B554E005E0ABF /* MessageStruct.swift in Sources */ = {isa = PBXBuildFile; fileRef = 923FB933225B554E005E0ABF /* MessageStruct.swift */; };
		92BCB8EC22563FF70042261F /* AppDelegate.swift in Sources */ = {isa = PBXBuildFile; fileRef = 92BCB8EB22563FF70042261F /* AppDelegate.swift */; };
		92BCB8F422563FF70042261F /* Slug.xcdatamodeld in Sources */ = {isa = PBXBuildFile; fileRef = 92BCB8F222563FF70042261F /* Slug.xcdatamodeld */; };
		92BCB8F622563FF80042261F /* Assets.xcassets in Resources */ = {isa = PBXBuildFile; fileRef = 92BCB8F522563FF80042261F /* Assets.xcassets */; };
		92BCB8F922563FF80042261F /* LaunchScreen.storyboard in Resources */ = {isa = PBXBuildFile; fileRef = 92BCB8F722563FF80042261F /* LaunchScreen.storyboard */; };
		92BCB90C2256434E0042261F /* RootAssembly.swift in Sources */ = {isa = PBXBuildFile; fileRef = 92BCB90B2256434E0042261F /* RootAssembly.swift */; };
		92BCB90E225644A40042261F /* PresentationAssembly.swift in Sources */ = {isa = PBXBuildFile; fileRef = 92BCB90D225644A40042261F /* PresentationAssembly.swift */; };
		92BCB911225644DB0042261F /* ServicesAssembly.swift in Sources */ = {isa = PBXBuildFile; fileRef = 92BCB910225644DB0042261F /* ServicesAssembly.swift */; };
		92BCB913225644F40042261F /* CoreAssembly.swift in Sources */ = {isa = PBXBuildFile; fileRef = 92BCB912225644F40042261F /* CoreAssembly.swift */; };
		92BCB915225645EA0042261F /* Default-568h@2x.png in Resources */ = {isa = PBXBuildFile; fileRef = 92BCB914225645EA0042261F /* Default-568h@2x.png */; };
		92E48CCB225D401700337357 /* BackgroundStorageTasks.swift in Sources */ = {isa = PBXBuildFile; fileRef = 92E48CCA225D401700337357 /* BackgroundStorageTasks.swift */; };
/* End PBXBuildFile section */

/* Begin PBXFileReference section */
		42DC5C4201117D699679C168 /* Pods-Slug.release.xcconfig */ = {isa = PBXFileReference; includeInIndex = 1; lastKnownFileType = text.xcconfig; name = "Pods-Slug.release.xcconfig"; path = "Target Support Files/Pods-Slug/Pods-Slug.release.xcconfig"; sourceTree = "<group>"; };
		923B413922567E7000BFBB5E /* CoreDataStack.swift */ = {isa = PBXFileReference; fileEncoding = 4; lastKnownFileType = sourcecode.swift; path = CoreDataStack.swift; sourceTree = "<group>"; };
		923B413E2256962800BFBB5E /* Main.storyboard */ = {isa = PBXFileReference; fileEncoding = 4; lastKnownFileType = file.storyboard; path = Main.storyboard; sourceTree = "<group>"; };
		923B41402256964100BFBB5E /* ProfileViewController.swift */ = {isa = PBXFileReference; fileEncoding = 4; lastKnownFileType = sourcecode.swift; path = ProfileViewController.swift; sourceTree = "<group>"; };
		923B41422256964900BFBB5E /* ConversationListViewController.swift */ = {isa = PBXFileReference; fileEncoding = 4; lastKnownFileType = sourcecode.swift; path = ConversationListViewController.swift; sourceTree = "<group>"; };
		923B41442256965000BFBB5E /* ConversationViewController.swift */ = {isa = PBXFileReference; fileEncoding = 4; lastKnownFileType = sourcecode.swift; path = ConversationViewController.swift; sourceTree = "<group>"; };
		923B41462256972100BFBB5E /* DatesHandler.swift */ = {isa = PBXFileReference; fileEncoding = 4; lastKnownFileType = sourcecode.swift; path = DatesHandler.swift; sourceTree = "<group>"; };
		923B41482256973600BFBB5E /* MultipeerCommunicator.swift */ = {isa = PBXFileReference; fileEncoding = 4; lastKnownFileType = sourcecode.swift; path = MultipeerCommunicator.swift; sourceTree = "<group>"; };
		923B414A2256983B00BFBB5E /* StorageManager.swift */ = {isa = PBXFileReference; fileEncoding = 4; lastKnownFileType = sourcecode.swift; path = StorageManager.swift; sourceTree = "<group>"; };
		923B414D225699B800BFBB5E /* EnDecoding.swift */ = {isa = PBXFileReference; fileEncoding = 4; lastKnownFileType = sourcecode.swift; path = EnDecoding.swift; sourceTree = "<group>"; };
		923B414E225699B800BFBB5E /* UIColor.swift */ = {isa = PBXFileReference; fileEncoding = 4; lastKnownFileType = sourcecode.swift; path = UIColor.swift; sourceTree = "<group>"; };
		923B4151225699DB00BFBB5E /* CameraHandler.swift */ = {isa = PBXFileReference; fileEncoding = 4; lastKnownFileType = sourcecode.swift; path = CameraHandler.swift; sourceTree = "<group>"; };
		923B415322569A9E00BFBB5E /* MessageCell.swift */ = {isa = PBXFileReference; fileEncoding = 4; lastKnownFileType = sourcecode.swift; path = MessageCell.swift; sourceTree = "<group>"; };
		923B415422569A9E00BFBB5E /* ChatCell.swift */ = {isa = PBXFileReference; fileEncoding = 4; lastKnownFileType = sourcecode.swift; path = ChatCell.swift; sourceTree = "<group>"; };
		923B415522569A9E00BFBB5E /* OutGoingMessageCell.xib */ = {isa = PBXFileReference; fileEncoding = 4; lastKnownFileType = file.xib; path = OutGoingMessageCell.xib; sourceTree = "<group>"; };
		923B415622569A9E00BFBB5E /* ChatCell.xib */ = {isa = PBXFileReference; fileEncoding = 4; lastKnownFileType = file.xib; path = ChatCell.xib; sourceTree = "<group>"; };
		923B415722569A9E00BFBB5E /* IncomingMessagCell.xib */ = {isa = PBXFileReference; fileEncoding = 4; lastKnownFileType = file.xib; path = IncomingMessagCell.xib; sourceTree = "<group>"; };
		923B415F2256A5D000BFBB5E /* ConversationListPresenter.swift */ = {isa = PBXFileReference; lastKnownFileType = sourcecode.swift; path = ConversationListPresenter.swift; sourceTree = "<group>"; };
		923B416222576DEB00BFBB5E /* User.swift */ = {isa = PBXFileReference; lastKnownFileType = sourcecode.swift; path = User.swift; sourceTree = "<group>"; };
		923B416422576E3400BFBB5E /* RandomData.swift */ = {isa = PBXFileReference; fileEncoding = 4; lastKnownFileType = sourcecode.swift; path = RandomData.swift; sourceTree = "<group>"; };
		923B41672257967700BFBB5E /* ProfileViewPresenter.swift */ = {isa = PBXFileReference; lastKnownFileType = sourcecode.swift; path = ProfileViewPresenter.swift; sourceTree = "<group>"; };
		923B416922592CB800BFBB5E /* ConversationPresenter.swift */ = {isa = PBXFileReference; lastKnownFileType = sourcecode.swift; path = ConversationPresenter.swift; sourceTree = "<group>"; };
		923B416B22593A3700BFBB5E /* FRCManager.swift */ = {isa = PBXFileReference; lastKnownFileType = sourcecode.swift; path = FRCManager.swift; sourceTree = "<group>"; };
		923FB930225B51EC005E0ABF /* CommunicationManager.swift */ = {isa = PBXFileReference; fileEncoding = 4; lastKnownFileType = sourcecode.swift; path = CommunicationManager.swift; sourceTree = "<group>"; };
		923FB933225B554E005E0ABF /* MessageStruct.swift */ = {isa = PBXFileReference; lastKnownFileType = sourcecode.swift; path = MessageStruct.swift; sourceTree = "<group>"; };
		92BCB8E822563FF70042261F /* Slug.app */ = {isa = PBXFileReference; explicitFileType = wrapper.application; includeInIndex = 0; path = Slug.app; sourceTree = BUILT_PRODUCTS_DIR; };
		92BCB8EB22563FF70042261F /* AppDelegate.swift */ = {isa = PBXFileReference; lastKnownFileType = sourcecode.swift; path = AppDelegate.swift; sourceTree = "<group>"; };
		92BCB8F322563FF70042261F /* Slug.xcdatamodel */ = {isa = PBXFileReference; lastKnownFileType = wrapper.xcdatamodel; path = Slug.xcdatamodel; sourceTree = "<group>"; };
		92BCB8F522563FF80042261F /* Assets.xcassets */ = {isa = PBXFileReference; lastKnownFileType = folder.assetcatalog; path = Assets.xcassets; sourceTree = "<group>"; };
		92BCB8F822563FF80042261F /* Base */ = {isa = PBXFileReference; lastKnownFileType = file.storyboard; name = Base; path = Base.lproj/LaunchScreen.storyboard; sourceTree = "<group>"; };
		92BCB8FA22563FF80042261F /* Info.plist */ = {isa = PBXFileReference; lastKnownFileType = text.plist.xml; path = Info.plist; sourceTree = "<group>"; };
		92BCB90B2256434E0042261F /* RootAssembly.swift */ = {isa = PBXFileReference; lastKnownFileType = sourcecode.swift; path = RootAssembly.swift; sourceTree = "<group>"; };
		92BCB90D225644A40042261F /* PresentationAssembly.swift */ = {isa = PBXFileReference; lastKnownFileType = sourcecode.swift; path = PresentationAssembly.swift; sourceTree = "<group>"; };
		92BCB910225644DB0042261F /* ServicesAssembly.swift */ = {isa = PBXFileReference; lastKnownFileType = sourcecode.swift; path = ServicesAssembly.swift; sourceTree = "<group>"; };
		92BCB912225644F40042261F /* CoreAssembly.swift */ = {isa = PBXFileReference; lastKnownFileType = sourcecode.swift; path = CoreAssembly.swift; sourceTree = "<group>"; };
		92BCB914225645EA0042261F /* Default-568h@2x.png */ = {isa = PBXFileReference; lastKnownFileType = image.png; path = "Default-568h@2x.png"; sourceTree = "<group>"; };
		92E48CCA225D401700337357 /* BackgroundStorageTasks.swift */ = {isa = PBXFileReference; lastKnownFileType = sourcecode.swift; path = BackgroundStorageTasks.swift; sourceTree = "<group>"; };
		E5590BC8A591E781B965EB55 /* Pods-Slug.debug.xcconfig */ = {isa = PBXFileReference; includeInIndex = 1; lastKnownFileType = text.xcconfig; name = "Pods-Slug.debug.xcconfig"; path = "Target Support Files/Pods-Slug/Pods-Slug.debug.xcconfig"; sourceTree = "<group>"; };
		ED70F609EB3CB86DED8C8CC7 /* Pods_Slug.framework */ = {isa = PBXFileReference; explicitFileType = wrapper.framework; includeInIndex = 0; path = Pods_Slug.framework; sourceTree = BUILT_PRODUCTS_DIR; };
/* End PBXFileReference section */

/* Begin PBXFrameworksBuildPhase section */
		92BCB8E522563FF70042261F /* Frameworks */ = {
			isa = PBXFrameworksBuildPhase;
			buildActionMask = 2147483647;
			files = (
				19481EE7B2901BF5403A7EDA /* Pods_Slug.framework in Frameworks */,
			);
			runOnlyForDeploymentPostprocessing = 0;
		};
/* End PBXFrameworksBuildPhase section */

/* Begin PBXGroup section */
		6D7086CB4091F092E12907FD /* Pods */ = {
			isa = PBXGroup;
			children = (
				E5590BC8A591E781B965EB55 /* Pods-Slug.debug.xcconfig */,
				42DC5C4201117D699679C168 /* Pods-Slug.release.xcconfig */,
			);
			path = Pods;
			sourceTree = "<group>";
		};
		923B413722567DB800BFBB5E /* Model */ = {
			isa = PBXGroup;
			children = (
				923B416222576DEB00BFBB5E /* User.swift */,
			);
			path = Model;
			sourceTree = "<group>";
		};
		923B413D225695E500BFBB5E /* ViewControllers */ = {
			isa = PBXGroup;
			children = (
				923B41402256964100BFBB5E /* ProfileViewController.swift */,
				923B41422256964900BFBB5E /* ConversationListViewController.swift */,
				923B41442256965000BFBB5E /* ConversationViewController.swift */,
			);
			path = ViewControllers;
			sourceTree = "<group>";
		};
		923B414C2256999C00BFBB5E /* Extensions */ = {
			isa = PBXGroup;
			children = (
				923B414D225699B800BFBB5E /* EnDecoding.swift */,
				923B414E225699B800BFBB5E /* UIColor.swift */,
			);
			path = Extensions;
			sourceTree = "<group>";
		};
		923B415E2256A5A300BFBB5E /* Presenters */ = {
			isa = PBXGroup;
			children = (
				923B415F2256A5D000BFBB5E /* ConversationListPresenter.swift */,
				923B41672257967700BFBB5E /* ProfileViewPresenter.swift */,
				923B416922592CB800BFBB5E /* ConversationPresenter.swift */,
			);
			path = Presenters;
			sourceTree = "<group>";
		};
		923FB932225B5535005E0ABF /* MultiPeerCommunicator */ = {
			isa = PBXGroup;
			children = (
				923B41482256973600BFBB5E /* MultipeerCommunicator.swift */,
			);
			path = MultiPeerCommunicator;
			sourceTree = "<group>";
		};
		923FB935225B5953005E0ABF /* CommunicationManager */ = {
			isa = PBXGroup;
			children = (
				923FB930225B51EC005E0ABF /* CommunicationManager.swift */,
				923FB933225B554E005E0ABF /* MessageStruct.swift */,
			);
			path = CommunicationManager;
			sourceTree = "<group>";
		};
		92BCB8DF22563FF70042261F = {
			isa = PBXGroup;
			children = (
				92BCB914225645EA0042261F /* Default-568h@2x.png */,
				92BCB8EA22563FF70042261F /* Slug */,
				92BCB8E922563FF70042261F /* Products */,
				6D7086CB4091F092E12907FD /* Pods */,
				D312E44DD5D96AE5B43A5094 /* Frameworks */,
			);
			sourceTree = "<group>";
		};
		92BCB8E922563FF70042261F /* Products */ = {
			isa = PBXGroup;
			children = (
				92BCB8E822563FF70042261F /* Slug.app */,
			);
			name = Products;
			sourceTree = "<group>";
		};
		92BCB8EA22563FF70042261F /* Slug */ = {
			isa = PBXGroup;
			children = (
				92BCB8FA22563FF80042261F /* Info.plist */,
				92BCB908225640300042261F /* Supporting Files */,
				92BCB905225640270042261F /* 1. PresentationLayer */,
				92BCB902225640260042261F /* 2. ServiceLayer */,
				92BCB900225640260042261F /* 3. CoreLayer */,
				92BCB8EB22563FF70042261F /* AppDelegate.swift */,
				92BCB90B2256434E0042261F /* RootAssembly.swift */,
			);
			path = Slug;
			sourceTree = "<group>";
		};
		92BCB900225640260042261F /* 3. CoreLayer */ = {
			isa = PBXGroup;
			children = (
				923FB932225B5535005E0ABF /* MultiPeerCommunicator */,
				923B416422576E3400BFBB5E /* RandomData.swift */,
				92BCB909225640630042261F /* CoreData */,
				92BCB901225640260042261F /* Assembly */,
			);
			path = "3. CoreLayer";
			sourceTree = "<group>";
		};
		92BCB901225640260042261F /* Assembly */ = {
			isa = PBXGroup;
			children = (
				92BCB912225644F40042261F /* CoreAssembly.swift */,
			);
			path = Assembly;
			sourceTree = "<group>";
		};
		92BCB902225640260042261F /* 2. ServiceLayer */ = {
			isa = PBXGroup;
			children = (
				92BCB90F225644C30042261F /* Assembly */,
				92BCB904225640260042261F /* Services */,
			);
			path = "2. ServiceLayer";
			sourceTree = "<group>";
		};
		92BCB904225640260042261F /* Services */ = {
			isa = PBXGroup;
			children = (
				923FB935225B5953005E0ABF /* CommunicationManager */,
				923B4151225699DB00BFBB5E /* CameraHandler.swift */,
				923B41462256972100BFBB5E /* DatesHandler.swift */,
				923B414A2256983B00BFBB5E /* StorageManager.swift */,
				923B416B22593A3700BFBB5E /* FRCManager.swift */,
				92E48CCA225D401700337357 /* BackgroundStorageTasks.swift */,
			);
			path = Services;
			sourceTree = "<group>";
		};
		92BCB905225640270042261F /* 1. PresentationLayer */ = {
			isa = PBXGroup;
			children = (
				92BCB906225640270042261F /* Assembly */,
				923B413722567DB800BFBB5E /* Model */,
				923B415E2256A5A300BFBB5E /* Presenters */,
				923B413D225695E500BFBB5E /* ViewControllers */,
				92BCB907225640270042261F /* Views */,
			);
			path = "1. PresentationLayer";
			sourceTree = "<group>";
		};
		92BCB906225640270042261F /* Assembly */ = {
			isa = PBXGroup;
			children = (
				92BCB90D225644A40042261F /* PresentationAssembly.swift */,
			);
			path = Assembly;
			sourceTree = "<group>";
		};
		92BCB907225640270042261F /* Views */ = {
			isa = PBXGroup;
			children = (
				923B413E2256962800BFBB5E /* Main.storyboard */,
				923B415422569A9E00BFBB5E /* ChatCell.swift */,
				923B415622569A9E00BFBB5E /* ChatCell.xib */,
				923B415722569A9E00BFBB5E /* IncomingMessagCell.xib */,
				923B415322569A9E00BFBB5E /* MessageCell.swift */,
				923B415522569A9E00BFBB5E /* OutGoingMessageCell.xib */,
			);
			path = Views;
			sourceTree = "<group>";
		};
		92BCB908225640300042261F /* Supporting Files */ = {
			isa = PBXGroup;
			children = (
				923B414C2256999C00BFBB5E /* Extensions */,
				92BCB8F522563FF80042261F /* Assets.xcassets */,
				92BCB8F722563FF80042261F /* LaunchScreen.storyboard */,
			);
			path = "Supporting Files";
			sourceTree = "<group>";
		};
		92BCB909225640630042261F /* CoreData */ = {
			isa = PBXGroup;
			children = (
				923B413922567E7000BFBB5E /* CoreDataStack.swift */,
				92BCB8F222563FF70042261F /* Slug.xcdatamodeld */,
			);
			path = CoreData;
			sourceTree = "<group>";
		};
		92BCB90F225644C30042261F /* Assembly */ = {
			isa = PBXGroup;
			children = (
				92BCB910225644DB0042261F /* ServicesAssembly.swift */,
			);
			path = Assembly;
			sourceTree = "<group>";
		};
		D312E44DD5D96AE5B43A5094 /* Frameworks */ = {
			isa = PBXGroup;
			children = (
				ED70F609EB3CB86DED8C8CC7 /* Pods_Slug.framework */,
			);
			name = Frameworks;
			sourceTree = "<group>";
		};
/* End PBXGroup section */

/* Begin PBXNativeTarget section */
		92BCB8E722563FF70042261F /* Slug */ = {
			isa = PBXNativeTarget;
			buildConfigurationList = 92BCB8FD22563FF80042261F /* Build configuration list for PBXNativeTarget "Slug" */;
			buildPhases = (
				C4A153EA4856BAB835872F1D /* [CP] Check Pods Manifest.lock */,
				92BCB8E422563FF70042261F /* Sources */,
				92BCB8E522563FF70042261F /* Frameworks */,
				92BCB8E622563FF70042261F /* Resources */,
			);
			buildRules = (
			);
			dependencies = (
			);
			name = Slug;
			productName = Slug;
			productReference = 92BCB8E822563FF70042261F /* Slug.app */;
			productType = "com.apple.product-type.application";
		};
/* End PBXNativeTarget section */

/* Begin PBXProject section */
		92BCB8E022563FF70042261F /* Project object */ = {
			isa = PBXProject;
			attributes = {
				LastSwiftUpdateCheck = 1020;
				LastUpgradeCheck = 1020;
				ORGANIZATIONNAME = "Denis Garifyanov";
				TargetAttributes = {
					92BCB8E722563FF70042261F = {
						CreatedOnToolsVersion = 10.2;
					};
				};
			};
			buildConfigurationList = 92BCB8E322563FF70042261F /* Build configuration list for PBXProject "Slug" */;
			compatibilityVersion = "Xcode 9.3";
			developmentRegion = en;
			hasScannedForEncodings = 0;
			knownRegions = (
				en,
				Base,
			);
			mainGroup = 92BCB8DF22563FF70042261F;
			productRefGroup = 92BCB8E922563FF70042261F /* Products */;
			projectDirPath = "";
			projectRoot = "";
			targets = (
				92BCB8E722563FF70042261F /* Slug */,
			);
		};
/* End PBXProject section */

/* Begin PBXResourcesBuildPhase section */
		92BCB8E622563FF70042261F /* Resources */ = {
			isa = PBXResourcesBuildPhase;
			buildActionMask = 2147483647;
			files = (
				92BCB8F922563FF80042261F /* LaunchScreen.storyboard in Resources */,
				923B415B22569A9E00BFBB5E /* ChatCell.xib in Resources */,
				923B415C22569A9E00BFBB5E /* IncomingMessagCell.xib in Resources */,
				923B413F2256962800BFBB5E /* Main.storyboard in Resources */,
				923B415A22569A9E00BFBB5E /* OutGoingMessageCell.xib in Resources */,
				92BCB915225645EA0042261F /* Default-568h@2x.png in Resources */,
				92BCB8F622563FF80042261F /* Assets.xcassets in Resources */,
			);
			runOnlyForDeploymentPostprocessing = 0;
		};
/* End PBXResourcesBuildPhase section */

/* Begin PBXShellScriptBuildPhase section */
		C4A153EA4856BAB835872F1D /* [CP] Check Pods Manifest.lock */ = {
			isa = PBXShellScriptBuildPhase;
			buildActionMask = 2147483647;
			files = (
			);
			inputFileListPaths = (
			);
			inputPaths = (
				"${PODS_PODFILE_DIR_PATH}/Podfile.lock",
				"${PODS_ROOT}/Manifest.lock",
			);
			name = "[CP] Check Pods Manifest.lock";
			outputFileListPaths = (
			);
			outputPaths = (
				"$(DERIVED_FILE_DIR)/Pods-Slug-checkManifestLockResult.txt",
			);
			runOnlyForDeploymentPostprocessing = 0;
			shellPath = /bin/sh;
			shellScript = "${PODS_ROOT}/SwiftLint/swiftlint\ndiff \"${PODS_PODFILE_DIR_PATH}/Podfile.lock\" \"${PODS_ROOT}/Manifest.lock\" > /dev/null\nif [ $? != 0 ] ; then\n    # print error to STDERR\n    echo \"error: The sandbox is not in sync with the Podfile.lock. Run 'pod install' or update your CocoaPods installation.\" >&2\n    exit 1\nfi\n# This output is used by Xcode 'outputs' to avoid re-running this script phase.\necho \"SUCCESS\" > \"${SCRIPT_OUTPUT_FILE_0}\"\n";
		};
/* End PBXShellScriptBuildPhase section */

/* Begin PBXSourcesBuildPhase section */
		92BCB8E422563FF70042261F /* Sources */ = {
			isa = PBXSourcesBuildPhase;
			buildActionMask = 2147483647;
			files = (
				92BCB911225644DB0042261F /* ServicesAssembly.swift in Sources */,
				923B416C22593A3700BFBB5E /* FRCManager.swift in Sources */,
				923B414F225699B800BFBB5E /* EnDecoding.swift in Sources */,
				92BCB90C2256434E0042261F /* RootAssembly.swift in Sources */,
				923B41492256973700BFBB5E /* MultipeerCommunicator.swift in Sources */,
				923FB931225B51EC005E0ABF /* CommunicationManager.swift in Sources */,
				923B4150225699B800BFBB5E /* UIColor.swift in Sources */,
				923B4152225699DB00BFBB5E /* CameraHandler.swift in Sources */,
				923B416522576E3400BFBB5E /* RandomData.swift in Sources */,
				923B41602256A5D000BFBB5E /* ConversationListPresenter.swift in Sources */,
				923B41452256965000BFBB5E /* ConversationViewController.swift in Sources */,
				923B416322576DEB00BFBB5E /* User.swift in Sources */,
				923FB934225B554E005E0ABF /* MessageStruct.swift in Sources */,
				923B41472256972100BFBB5E /* DatesHandler.swift in Sources */,
				923B416A22592CB800BFBB5E /* ConversationPresenter.swift in Sources */,
				92BCB913225644F40042261F /* CoreAssembly.swift in Sources */,
				92BCB8F422563FF70042261F /* Slug.xcdatamodeld in Sources */,
				923B41682257967700BFBB5E /* ProfileViewPresenter.swift in Sources */,
				92BCB90E225644A40042261F /* PresentationAssembly.swift in Sources */,
				923B415922569A9E00BFBB5E /* ChatCell.swift in Sources */,
				92BCB8EC22563FF70042261F /* AppDelegate.swift in Sources */,
				923B41432256964900BFBB5E /* ConversationListViewController.swift in Sources */,
				923B415822569A9E00BFBB5E /* MessageCell.swift in Sources */,
				92E48CCB225D401700337357 /* BackgroundStorageTasks.swift in Sources */,
				923B41412256964100BFBB5E /* ProfileViewController.swift in Sources */,
				923B413A22567E7000BFBB5E /* CoreDataStack.swift in Sources */,
				923B414B2256983B00BFBB5E /* StorageManager.swift in Sources */,
			);
			runOnlyForDeploymentPostprocessing = 0;
		};
/* End PBXSourcesBuildPhase section */

/* Begin PBXVariantGroup section */
		92BCB8F722563FF80042261F /* LaunchScreen.storyboard */ = {
			isa = PBXVariantGroup;
			children = (
				92BCB8F822563FF80042261F /* Base */,
			);
			name = LaunchScreen.storyboard;
			sourceTree = "<group>";
		};
/* End PBXVariantGroup section */

/* Begin XCBuildConfiguration section */
		92BCB8FB22563FF80042261F /* Debug */ = {
			isa = XCBuildConfiguration;
			buildSettings = {
				ALWAYS_SEARCH_USER_PATHS = NO;
				CLANG_ANALYZER_NONNULL = YES;
				CLANG_ANALYZER_NUMBER_OBJECT_CONVERSION = YES_AGGRESSIVE;
				CLANG_CXX_LANGUAGE_STANDARD = "gnu++14";
				CLANG_CXX_LIBRARY = "libc++";
				CLANG_ENABLE_MODULES = YES;
				CLANG_ENABLE_OBJC_ARC = YES;
				CLANG_ENABLE_OBJC_WEAK = YES;
				CLANG_WARN_BLOCK_CAPTURE_AUTORELEASING = YES;
				CLANG_WARN_BOOL_CONVERSION = YES;
				CLANG_WARN_COMMA = YES;
				CLANG_WARN_CONSTANT_CONVERSION = YES;
				CLANG_WARN_DEPRECATED_OBJC_IMPLEMENTATIONS = YES;
				CLANG_WARN_DIRECT_OBJC_ISA_USAGE = YES_ERROR;
				CLANG_WARN_DOCUMENTATION_COMMENTS = YES;
				CLANG_WARN_EMPTY_BODY = YES;
				CLANG_WARN_ENUM_CONVERSION = YES;
				CLANG_WARN_INFINITE_RECURSION = YES;
				CLANG_WARN_INT_CONVERSION = YES;
				CLANG_WARN_NON_LITERAL_NULL_CONVERSION = YES;
				CLANG_WARN_OBJC_IMPLICIT_RETAIN_SELF = YES;
				CLANG_WARN_OBJC_LITERAL_CONVERSION = YES;
				CLANG_WARN_OBJC_ROOT_CLASS = YES_ERROR;
				CLANG_WARN_RANGE_LOOP_ANALYSIS = YES;
				CLANG_WARN_STRICT_PROTOTYPES = YES;
				CLANG_WARN_SUSPICIOUS_MOVE = YES;
				CLANG_WARN_UNGUARDED_AVAILABILITY = YES_AGGRESSIVE;
				CLANG_WARN_UNREACHABLE_CODE = YES;
				CLANG_WARN__DUPLICATE_METHOD_MATCH = YES;
				CODE_SIGN_IDENTITY = "iPhone Developer";
				COPY_PHASE_STRIP = NO;
				DEBUG_INFORMATION_FORMAT = dwarf;
				ENABLE_STRICT_OBJC_MSGSEND = YES;
				ENABLE_TESTABILITY = YES;
				GCC_C_LANGUAGE_STANDARD = gnu11;
				GCC_DYNAMIC_NO_PIC = NO;
				GCC_NO_COMMON_BLOCKS = YES;
				GCC_OPTIMIZATION_LEVEL = 0;
				GCC_PREPROCESSOR_DEFINITIONS = (
					"DEBUG=1",
					"$(inherited)",
				);
				GCC_WARN_64_TO_32_BIT_CONVERSION = YES;
				GCC_WARN_ABOUT_RETURN_TYPE = YES_ERROR;
				GCC_WARN_UNDECLARED_SELECTOR = YES;
				GCC_WARN_UNINITIALIZED_AUTOS = YES_AGGRESSIVE;
				GCC_WARN_UNUSED_FUNCTION = YES;
				GCC_WARN_UNUSED_VARIABLE = YES;
				IPHONEOS_DEPLOYMENT_TARGET = 12.2;
				MTL_ENABLE_DEBUG_INFO = INCLUDE_SOURCE;
				MTL_FAST_MATH = YES;
				ONLY_ACTIVE_ARCH = YES;
				SDKROOT = iphoneos;
				SWIFT_ACTIVE_COMPILATION_CONDITIONS = DEBUG;
				SWIFT_OPTIMIZATION_LEVEL = "-Onone";
			};
			name = Debug;
		};
		92BCB8FC22563FF80042261F /* Release */ = {
			isa = XCBuildConfiguration;
			buildSettings = {
				ALWAYS_SEARCH_USER_PATHS = NO;
				CLANG_ANALYZER_NONNULL = YES;
				CLANG_ANALYZER_NUMBER_OBJECT_CONVERSION = YES_AGGRESSIVE;
				CLANG_CXX_LANGUAGE_STANDARD = "gnu++14";
				CLANG_CXX_LIBRARY = "libc++";
				CLANG_ENABLE_MODULES = YES;
				CLANG_ENABLE_OBJC_ARC = YES;
				CLANG_ENABLE_OBJC_WEAK = YES;
				CLANG_WARN_BLOCK_CAPTURE_AUTORELEASING = YES;
				CLANG_WARN_BOOL_CONVERSION = YES;
				CLANG_WARN_COMMA = YES;
				CLANG_WARN_CONSTANT_CONVERSION = YES;
				CLANG_WARN_DEPRECATED_OBJC_IMPLEMENTATIONS = YES;
				CLANG_WARN_DIRECT_OBJC_ISA_USAGE = YES_ERROR;
				CLANG_WARN_DOCUMENTATION_COMMENTS = YES;
				CLANG_WARN_EMPTY_BODY = YES;
				CLANG_WARN_ENUM_CONVERSION = YES;
				CLANG_WARN_INFINITE_RECURSION = YES;
				CLANG_WARN_INT_CONVERSION = YES;
				CLANG_WARN_NON_LITERAL_NULL_CONVERSION = YES;
				CLANG_WARN_OBJC_IMPLICIT_RETAIN_SELF = YES;
				CLANG_WARN_OBJC_LITERAL_CONVERSION = YES;
				CLANG_WARN_OBJC_ROOT_CLASS = YES_ERROR;
				CLANG_WARN_RANGE_LOOP_ANALYSIS = YES;
				CLANG_WARN_STRICT_PROTOTYPES = YES;
				CLANG_WARN_SUSPICIOUS_MOVE = YES;
				CLANG_WARN_UNGUARDED_AVAILABILITY = YES_AGGRESSIVE;
				CLANG_WARN_UNREACHABLE_CODE = YES;
				CLANG_WARN__DUPLICATE_METHOD_MATCH = YES;
				CODE_SIGN_IDENTITY = "iPhone Developer";
				COPY_PHASE_STRIP = NO;
				DEBUG_INFORMATION_FORMAT = "dwarf-with-dsym";
				ENABLE_NS_ASSERTIONS = NO;
				ENABLE_STRICT_OBJC_MSGSEND = YES;
				GCC_C_LANGUAGE_STANDARD = gnu11;
				GCC_NO_COMMON_BLOCKS = YES;
				GCC_WARN_64_TO_32_BIT_CONVERSION = YES;
				GCC_WARN_ABOUT_RETURN_TYPE = YES_ERROR;
				GCC_WARN_UNDECLARED_SELECTOR = YES;
				GCC_WARN_UNINITIALIZED_AUTOS = YES_AGGRESSIVE;
				GCC_WARN_UNUSED_FUNCTION = YES;
				GCC_WARN_UNUSED_VARIABLE = YES;
				IPHONEOS_DEPLOYMENT_TARGET = 12.2;
				MTL_ENABLE_DEBUG_INFO = NO;
				MTL_FAST_MATH = YES;
				SDKROOT = iphoneos;
				SWIFT_COMPILATION_MODE = wholemodule;
				SWIFT_OPTIMIZATION_LEVEL = "-O";
				VALIDATE_PRODUCT = YES;
			};
			name = Release;
		};
		92BCB8FE22563FF80042261F /* Debug */ = {
			isa = XCBuildConfiguration;
			baseConfigurationReference = E5590BC8A591E781B965EB55 /* Pods-Slug.debug.xcconfig */;
			buildSettings = {
				ASSETCATALOG_COMPILER_APPICON_NAME = AppIcon;
				CODE_SIGN_STYLE = Automatic;
				DEVELOPMENT_TEAM = YK7M3B2TGF;
				INFOPLIST_FILE = Slug/Info.plist;
				IPHONEOS_DEPLOYMENT_TARGET = 11.0;
				LD_RUNPATH_SEARCH_PATHS = (
					"$(inherited)",
					"@executable_path/Frameworks",
				);
				PRODUCT_BUNDLE_IDENTIFIER = denis.garifyanov.com.Slug;
				PRODUCT_NAME = "$(TARGET_NAME)";
				SWIFT_VERSION = 5.0;
				TARGETED_DEVICE_FAMILY = "1,2";
			};
			name = Debug;
		};
		92BCB8FF22563FF80042261F /* Release */ = {
			isa = XCBuildConfiguration;
			baseConfigurationReference = 42DC5C4201117D699679C168 /* Pods-Slug.release.xcconfig */;
			buildSettings = {
				ASSETCATALOG_COMPILER_APPICON_NAME = AppIcon;
				CODE_SIGN_STYLE = Automatic;
				DEVELOPMENT_TEAM = YK7M3B2TGF;
				INFOPLIST_FILE = Slug/Info.plist;
				IPHONEOS_DEPLOYMENT_TARGET = 11.0;
				LD_RUNPATH_SEARCH_PATHS = (
					"$(inherited)",
					"@executable_path/Frameworks",
				);
				PRODUCT_BUNDLE_IDENTIFIER = denis.garifyanov.com.Slug;
				PRODUCT_NAME = "$(TARGET_NAME)";
				SWIFT_VERSION = 5.0;
				TARGETED_DEVICE_FAMILY = "1,2";
			};
			name = Release;
		};
/* End XCBuildConfiguration section */

/* Begin XCConfigurationList section */
		92BCB8E322563FF70042261F /* Build configuration list for PBXProject "Slug" */ = {
			isa = XCConfigurationList;
			buildConfigurations = (
				92BCB8FB22563FF80042261F /* Debug */,
				92BCB8FC22563FF80042261F /* Release */,
			);
			defaultConfigurationIsVisible = 0;
			defaultConfigurationName = Release;
		};
		92BCB8FD22563FF80042261F /* Build configuration list for PBXNativeTarget "Slug" */ = {
			isa = XCConfigurationList;
			buildConfigurations = (
				92BCB8FE22563FF80042261F /* Debug */,
				92BCB8FF22563FF80042261F /* Release */,
			);
			defaultConfigurationIsVisible = 0;
			defaultConfigurationName = Release;
		};
/* End XCConfigurationList section */

/* Begin XCVersionGroup section */
		92BCB8F222563FF70042261F /* Slug.xcdatamodeld */ = {
			isa = XCVersionGroup;
			children = (
				92BCB8F322563FF70042261F /* Slug.xcdatamodel */,
			);
			currentVersion = 92BCB8F322563FF70042261F /* Slug.xcdatamodel */;
			path = Slug.xcdatamodeld;
			sourceTree = "<group>";
			versionGroupType = wrapper.xcdatamodel;
		};
/* End XCVersionGroup section */
	};
	rootObject = 92BCB8E022563FF70042261F /* Project object */;
}
